
Microsoft Visual Studio Solution File, Format Version 12.00
# Visual Studio 15
VisualStudioVersion = 15.0.27130.2027
MinimumVisualStudioVersion = 10.0.40219.1
Project("{FAE04EC0-301F-11D3-BF4B-00C04F79EFBC}") = "DABHandIN3_2v2", "DABHandIN3_2v2\DABHandIN3_2v2.csproj", "{71497F21-6DB8-48FA-BC90-CC1AEEE61535}"
EndProject
Global
	GlobalSection(SolutionConfigurationPlatforms) = preSolution
		Debug|Any CPU = Debug|Any CPU
		Release|Any CPU = Release|Any CPU
	EndGlobalSection
	GlobalSection(ProjectConfigurationPlatforms) = postSolution
		{71497F21-6DB8-48FA-BC90-CC1AEEE61535}.Debug|Any CPU.ActiveCfg = Debug|Any CPU
		{71497F21-6DB8-48FA-BC90-CC1AEEE61535}.Debug|Any CPU.Build.0 = Debug|Any CPU
		{71497F21-6DB8-48FA-BC90-CC1AEEE61535}.Release|Any CPU.ActiveCfg = Release|Any CPU
		{71497F21-6DB8-48FA-BC90-CC1AEEE61535}.Release|Any CPU.Build.0 = Release|Any CPU
	EndGlobalSection
	GlobalSection(SolutionProperties) = preSolution
		HideSolutionNode = FALSE
	EndGlobalSection
	GlobalSection(ExtensibilityGlobals) = postSolution
		SolutionGuid = {4847B8A4-711B-4705-BFEC-C067C33D5F06}
	EndGlobalSection
EndGlobal
